{
  "name": "dial-a-drink",
  "lockfileVersion": 3,
  "requires": true,
  "packages": {
    "": {
      "dependencies": {
        "@datadog/browser-rum": "^6.33.0"
      }
    },
    "node_modules/@datadog/browser-core": {
      "version": "6.33.0",
      "resolved": "https://registry.npmjs.org/@datadog/browser-core/-/browser-core-6.33.0.tgz",
      "integrity": "sha512-h/xuBuY4Xi32CbBHkChMMWlOQ4al/mFF08x3o0hqrderfJvX7VO5tD3OVNwF+pfMXOGlDtBCIhwazr9sn24h3g==",
      "license": "Apache-2.0"
    },
    "node_modules/@datadog/browser-rum": {
      "version": "6.33.0",
      "resolved": "https://registry.npmjs.org/@datadog/browser-rum/-/browser-rum-6.33.0.tgz",
      "integrity": "sha512-zdxs1PyKt1RQ/fdxsmaCJUeBhB+leCIaPJBcum7uDi/DL8nuu9A9NUc5qGVPlY9zc12v7t2NI8bLpOrMjv+jTg==",
      "license": "Apache-2.0",
      "dependencies": {
        "@datadog/browser-core": "6.33.0",
        "@datadog/browser-rum-core": "6.33.0"
      },
      "peerDependencies": {
        "@datadog/browser-logs": "6.33.0"
      },
      "peerDependenciesMeta": {
        "@datadog/browser-logs": {
          "optional": true
        }
      }
    },
    "node_modules/@datadog/browser-rum-core": {
      "version": "6.33.0",
      "resolved": "https://registry.npmjs.org/@datadog/browser-rum-core/-/browser-rum-core-6.33.0.tgz",
      "integrity": "sha512-Ais4x7zQBrBI6JyILYwFAmjUsqy0iQp2C7JcEEfzU4YYYcVO3DGpyVuYYrqHT27jY1QToHY8EnQUr3Yaj6saDA==",
      "license": "Apache-2.0",
      "dependencies": {
        "@datadog/browser-core": "6.33.0"
      }
    }
  }
}
